// !$*UTF8*$!
{
	archiveVersion = 1;
	classes = {
	};
	objectVersion = 46;
	objects = {

/* Begin PBXBuildFile section */
		D9AC6A311CC4937000970FD9 /* main.m in Sources */ = {isa = PBXBuildFile; fileRef = D9AC6A301CC4937000970FD9 /* main.m */; };
		D9AC6A341CC4937000970FD9 /* AppDelegate.m in Sources */ = {isa = PBXBuildFile; fileRef = D9AC6A331CC4937000970FD9 /* AppDelegate.m */; };
		D9AC6A371CC4937000970FD9 /* ViewController.m in Sources */ = {isa = PBXBuildFile; fileRef = D9AC6A361CC4937000970FD9 /* ViewController.m */; };
		D9AC6A3A1CC4937000970FD9 /* Main.storyboard in Resources */ = {isa = PBXBuildFile; fileRef = D9AC6A381CC4937000970FD9 /* Main.storyboard */; };
		D9AC6A3C1CC4937000970FD9 /* Assets.xcassets in Resources */ = {isa = PBXBuildFile; fileRef = D9AC6A3B1CC4937000970FD9 /* Assets.xcassets */; };
		D9AC6A3F1CC4937000970FD9 /* LaunchScreen.storyboard in Resources */ = {isa = PBXBuildFile; fileRef = D9AC6A3D1CC4937000970FD9 /* LaunchScreen.storyboard */; };
		D9AC6A4C1CC49F6300970FD9 /* PersonInfoTableVC.m in Sources */ = {isa = PBXBuildFile; fileRef = D9AC6A4A1CC49F6300970FD9 /* PersonInfoTableVC.m */; };
		D9AC6A4D1CC49F6300970FD9 /* PersonInfoTableVC.xib in Resources */ = {isa = PBXBuildFile; fileRef = D9AC6A4B1CC49F6300970FD9 /* PersonInfoTableVC.xib */; };
		D9AC6A511CC49F7D00970FD9 /* PersonInfoViewVC.m in Sources */ = {isa = PBXBuildFile; fileRef = D9AC6A4F1CC49F7D00970FD9 /* PersonInfoViewVC.m */; };
		D9AC6A521CC49F7D00970FD9 /* PersonInfoViewVC.xib in Resources */ = {isa = PBXBuildFile; fileRef = D9AC6A501CC49F7D00970FD9 /* PersonInfoViewVC.xib */; };
		D9AC6A5E1CC4B23000970FD9 /* KeyboardManager.m in Sources */ = {isa = PBXBuildFile; fileRef = D9AC6A5D1CC4B23000970FD9 /* KeyboardManager.m */; };
		D9AC6A621CC4BCA700970FD9 /* PersonInfoCell.m in Sources */ = {isa = PBXBuildFile; fileRef = D9AC6A601CC4BCA700970FD9 /* PersonInfoCell.m */; };
		D9AC6A631CC4BCA700970FD9 /* PersonInfoCell.xib in Resources */ = {isa = PBXBuildFile; fileRef = D9AC6A611CC4BCA700970FD9 /* PersonInfoCell.xib */; };
/* End PBXBuildFile section */

/* Begin PBXFileReference section */
		D9AC6A2C1CC4937000970FD9 /* KeyboradManagerDemo.app */ = {isa = PBXFileReference; explicitFileType = wrapper.application; includeInIndex = 0; path = KeyboradManagerDemo.app; sourceTree = BUILT_PRODUCTS_DIR; };
		D9AC6A301CC4937000970FD9 /* main.m */ = {isa = PBXFileReference; lastKnownFileType = sourcecode.c.objc; path = main.m; sourceTree = "<group>"; };
		D9AC6A321CC4937000970FD9 /* AppDelegate.h */ = {isa = PBXFileReference; lastKnownFileType = sourcecode.c.h; path = AppDelegate.h; sourceTree = "<group>"; };
		D9AC6A331CC4937000970FD9 /* AppDelegate.m */ = {isa = PBXFileReference; lastKnownFileType = sourcecode.c.objc; path = AppDelegate.m; sourceTree = "<group>"; };
		D9AC6A351CC4937000970FD9 /* ViewController.h */ = {isa = PBXFileReference; lastKnownFileType = sourcecode.c.h; path = ViewController.h; sourceTree = "<group>"; };
		D9AC6A361CC4937000970FD9 /* ViewController.m */ = {isa = PBXFileReference; lastKnownFileType = sourcecode.c.objc; path = ViewController.m; sourceTree = "<group>"; };
		D9AC6A391CC4937000970FD9 /* Base */ = {isa = PBXFileReference; lastKnownFileType = file.storyboard; name = Base; path = Base.lproj/Main.storyboard; sourceTree = "<group>"; };
		D9AC6A3B1CC4937000970FD9 /* Assets.xcassets */ = {isa = PBXFileReference; lastKnownFileType = folder.assetcatalog; path = Assets.xcassets; sourceTree = "<group>"; };
		D9AC6A3E1CC4937000970FD9 /* Base */ = {isa = PBXFileReference; lastKnownFileType = file.storyboard; name = Base; path = Base.lproj/LaunchScreen.storyboard; sourceTree = "<group>"; };
		D9AC6A401CC4937000970FD9 /* Info.plist */ = {isa = PBXFileReference; lastKnownFileType = text.plist.xml; path = Info.plist; sourceTree = "<group>"; };
		D9AC6A491CC49F6300970FD9 /* PersonInfoTableVC.h */ = {isa = PBXFileReference; fileEncoding = 4; lastKnownFileType = sourcecode.c.h; path = PersonInfoTableVC.h; sourceTree = "<group>"; };
		D9AC6A4A1CC49F6300970FD9 /* PersonInfoTableVC.m */ = {isa = PBXFileReference; fileEncoding = 4; lastKnownFileType = sourcecode.c.objc; path = PersonInfoTableVC.m; sourceTree = "<group>"; };
		D9AC6A4B1CC49F6300970FD9 /* PersonInfoTableVC.xib */ = {isa = PBXFileReference; fileEncoding = 4; lastKnownFileType = file.xib; path = PersonInfoTableVC.xib; sourceTree = "<group>"; };
		D9AC6A4E1CC49F7D00970FD9 /* PersonInfoViewVC.h */ = {isa = PBXFileReference; fileEncoding = 4; lastKnownFileType = sourcecode.c.h; path = PersonInfoViewVC.h; sourceTree = "<group>"; };
		D9AC6A4F1CC49F7D00970FD9 /* PersonInfoViewVC.m */ = {isa = PBXFileReference; fileEncoding = 4; lastKnownFileType = sourcecode.c.objc; path = PersonInfoViewVC.m; sourceTree = "<group>"; };
		D9AC6A501CC49F7D00970FD9 /* PersonInfoViewVC.xib */ = {isa = PBXFileReference; fileEncoding = 4; lastKnownFileType = file.xib; path = PersonInfoViewVC.xib; sourceTree = "<group>"; };
		D9AC6A5C1CC4B23000970FD9 /* KeyboardManager.h */ = {isa = PBXFileReference; fileEncoding = 4; lastKnownFileType = sourcecode.c.h; path = KeyboardManager.h; sourceTree = "<group>"; };
		D9AC6A5D1CC4B23000970FD9 /* KeyboardManager.m */ = {isa = PBXFileReference; fileEncoding = 4; lastKnownFileType = sourcecode.c.objc; path = KeyboardManager.m; sourceTree = "<group>"; };
		D9AC6A5F1CC4BCA700970FD9 /* PersonInfoCell.h */ = {isa = PBXFileReference; fileEncoding = 4; lastKnownFileType = sourcecode.c.h; path = PersonInfoCell.h; sourceTree = "<group>"; };
		D9AC6A601CC4BCA700970FD9 /* PersonInfoCell.m */ = {isa = PBXFileReference; fileEncoding = 4; lastKnownFileType = sourcecode.c.objc; path = PersonInfoCell.m; sourceTree = "<group>"; };
		D9AC6A611CC4BCA700970FD9 /* PersonInfoCell.xib */ = {isa = PBXFileReference; fileEncoding = 4; lastKnownFileType = file.xib; path = PersonInfoCell.xib; sourceTree = "<group>"; };
/* End PBXFileReference section */

/* Begin PBXFrameworksBuildPhase section */
		D9AC6A291CC4937000970FD9 /* Frameworks */ = {
			isa = PBXFrameworksBuildPhase;
			buildActionMask = 2147483647;
			files = (
			);
			runOnlyForDeploymentPostprocessing = 0;
		};
/* End PBXFrameworksBuildPhase section */

/* Begin PBXGroup section */
		D9AC6A231CC4937000970FD9 = {
			isa = PBXGroup;
			children = (
				D9AC6A461CC493AC00970FD9 /* KeyboardManager */,
				D9AC6A2E1CC4937000970FD9 /* KeyboradManagerDemo */,
				D9AC6A2D1CC4937000970FD9 /* Products */,
			);
			sourceTree = "<group>";
		};
		D9AC6A2D1CC4937000970FD9 /* Products */ = {
			isa = PBXGroup;
			children = (
				D9AC6A2C1CC4937000970FD9 /* KeyboradManagerDemo.app */,
			);
			name = Products;
			sourceTree = "<group>";
		};
		D9AC6A2E1CC4937000970FD9 /* KeyboradManagerDemo */ = {
			isa = PBXGroup;
			children = (
				D9AC6A321CC4937000970FD9 /* AppDelegate.h */,
				D9AC6A331CC4937000970FD9 /* AppDelegate.m */,
				D9AC6A351CC4937000970FD9 /* ViewController.h */,
				D9AC6A361CC4937000970FD9 /* ViewController.m */,
				D9AC6A481CC49F1800970FD9 /* UIView */,
				D9AC6A471CC49F0800970FD9 /* TableView */,
				D9AC6A381CC4937000970FD9 /* Main.storyboard */,
				D9AC6A3B1CC4937000970FD9 /* Assets.xcassets */,
				D9AC6A3D1CC4937000970FD9 /* LaunchScreen.storyboard */,
				D9AC6A401CC4937000970FD9 /* Info.plist */,
				D9AC6A2F1CC4937000970FD9 /* Supporting Files */,
			);
			path = KeyboradManagerDemo;
			sourceTree = "<group>";
		};
		D9AC6A2F1CC4937000970FD9 /* Supporting Files */ = {
			isa = PBXGroup;
			children = (
				D9AC6A301CC4937000970FD9 /* main.m */,
			);
			name = "Supporting Files";
			sourceTree = "<group>";
		};
		D9AC6A461CC493AC00970FD9 /* KeyboardManager */ = {
			isa = PBXGroup;
			children = (
				D9AC6A5C1CC4B23000970FD9 /* KeyboardManager.h */,
				D9AC6A5D1CC4B23000970FD9 /* KeyboardManager.m */,
			);
			path = KeyboardManager;
			sourceTree = "<group>";
		};
		D9AC6A471CC49F0800970FD9 /* TableView */ = {
			isa = PBXGroup;
			children = (
				D9AC6A491CC49F6300970FD9 /* PersonInfoTableVC.h */,
				D9AC6A4A1CC49F6300970FD9 /* PersonInfoTableVC.m */,
				D9AC6A4B1CC49F6300970FD9 /* PersonInfoTableVC.xib */,
				D9AC6A5F1CC4BCA700970FD9 /* PersonInfoCell.h */,
				D9AC6A601CC4BCA700970FD9 /* PersonInfoCell.m */,
				D9AC6A611CC4BCA700970FD9 /* PersonInfoCell.xib */,
			);
			name = TableView;
			sourceTree = "<group>";
		};
		D9AC6A481CC49F1800970FD9 /* UIView */ = {
			isa = PBXGroup;
			children = (
				D9AC6A4E1CC49F7D00970FD9 /* PersonInfoViewVC.h */,
				D9AC6A4F1CC49F7D00970FD9 /* PersonInfoViewVC.m */,
				D9AC6A501CC49F7D00970FD9 /* PersonInfoViewVC.xib */,
			);
			name = UIView;
			sourceTree = "<group>";
		};
/* End PBXGroup section */

/* Begin PBXNativeTarget section */
		D9AC6A2B1CC4937000970FD9 /* KeyboradManagerDemo */ = {
			isa = PBXNativeTarget;
			buildConfigurationList = D9AC6A431CC4937000970FD9 /* Build configuration list for PBXNativeTarget "KeyboradManagerDemo" */;
			buildPhases = (
				D9AC6A281CC4937000970FD9 /* Sources */,
				D9AC6A291CC4937000970FD9 /* Frameworks */,
				D9AC6A2A1CC4937000970FD9 /* Resources */,
			);
			buildRules = (
			);
			dependencies = (
			);
			name = KeyboradManagerDemo;
			productName = KeyboradManagerDemo;
			productReference = D9AC6A2C1CC4937000970FD9 /* KeyboradManagerDemo.app */;
			productType = "com.apple.product-type.application";
		};
/* End PBXNativeTarget section */

/* Begin PBXProject section */
		D9AC6A241CC4937000970FD9 /* Project object */ = {
			isa = PBXProject;
			attributes = {
				LastUpgradeCheck = 0720;
				ORGANIZATIONNAME = zhangdong;
				TargetAttributes = {
					D9AC6A2B1CC4937000970FD9 = {
						CreatedOnToolsVersion = 7.2;
					};
				};
			};
			buildConfigurationList = D9AC6A271CC4937000970FD9 /* Build configuration list for PBXProject "KeyboradManagerDemo" */;
			compatibilityVersion = "Xcode 3.2";
			developmentRegion = English;
			hasScannedForEncodings = 0;
			knownRegions = (
				en,
				Base,
			);
			mainGroup = D9AC6A231CC4937000970FD9;
			productRefGroup = D9AC6A2D1CC4937000970FD9 /* Products */;
			projectDirPath = "";
			projectRoot = "";
			targets = (
				D9AC6A2B1CC4937000970FD9 /* KeyboradManagerDemo */,
			);
		};
/* End PBXProject section */

/* Begin PBXResourcesBuildPhase section */
		D9AC6A2A1CC4937000970FD9 /* Resources */ = {
			isa = PBXResourcesBuildPhase;
			buildActionMask = 2147483647;
			files = (
				D9AC6A521CC49F7D00970FD9 /* PersonInfoViewVC.xib in Resources */,
				D9AC6A3F1CC4937000970FD9 /* LaunchScreen.storyboard in Resources */,
				D9AC6A631CC4BCA700970FD9 /* PersonInfoCell.xib in Resources */,
				D9AC6A3C1CC4937000970FD9 /* Assets.xcassets in Resources */,
				D9AC6A4D1CC49F6300970FD9 /* PersonInfoTableVC.xib in Resources */,
				D9AC6A3A1CC4937000970FD9 /* Main.storyboard in Resources */,
			);
			runOnlyForDeploymentPostprocessing = 0;
		};
/* End PBXResourcesBuildPhase section */

/* Begin PBXSourcesBuildPhase section */
		D9AC6A281CC4937000970FD9 /* Sources */ = {
			isa = PBXSourcesBuildPhase;
			buildActionMask = 2147483647;
			files = (
				D9AC6A621CC4BCA700970FD9 /* PersonInfoCell.m in Sources */,
				D9AC6A511CC49F7D00970FD9 /* PersonInfoViewVC.m in Sources */,
				D9AC6A371CC4937000970FD9 /* ViewController.m in Sources */,
				D9AC6A341CC4937000970FD9 /* AppDelegate.m in Sources */,
				D9AC6A4C1CC49F6300970FD9 /* PersonInfoTableVC.m in Sources */,
				D9AC6A5E1CC4B23000970FD9 /* KeyboardManager.m in Sources */,
				D9AC6A311CC4937000970FD9 /* main.m in Sources */,
			);
			runOnlyForDeploymentPostprocessing = 0;
		};
/* End PBXSourcesBuildPhase section */

/* Begin PBXVariantGroup section */
		D9AC6A381CC4937000970FD9 /* Main.storyboard */ = {
			isa = PBXVariantGroup;
			children = (
				D9AC6A391CC4937000970FD9 /* Base */,
			);
			name = Main.storyboard;
			sourceTree = "<group>";
		};
		D9AC6A3D1CC4937000970FD9 /* LaunchScreen.storyboard */ = {
			isa = PBXVariantGroup;
			children = (
				D9AC6A3E1CC4937000970FD9 /* Base */,
			);
			name = LaunchScreen.storyboard;
			sourceTree = "<group>";
		};
/* End PBXVariantGroup section */

/* Begin XCBuildConfiguration section */
		D9AC6A411CC4937000970FD9 /* Debug */ = {
			isa = XCBuildConfiguration;
			buildSettings = {
				ALWAYS_SEARCH_USER_PATHS = NO;
				CLANG_CXX_LANGUAGE_STANDARD = "gnu++0x";
				CLANG_CXX_LIBRARY = "libc++";
				CLANG_ENABLE_MODULES = YES;
				CLANG_ENABLE_OBJC_ARC = YES;
				CLANG_WARN_BOOL_CONVERSION = YES;
				CLANG_WARN_CONSTANT_CONVERSION = YES;
				CLANG_WARN_DIRECT_OBJC_ISA_USAGE = YES_ERROR;
				CLANG_WARN_EMPTY_BODY = YES;
				CLANG_WARN_ENUM_CONVERSION = YES;
				CLANG_WARN_INT_CONVERSION = YES;
				CLANG_WARN_OBJC_ROOT_CLASS = YES_ERROR;
				CLANG_WARN_UNREACHABLE_CODE = YES;
				CLANG_WARN__DUPLICATE_METHOD_MATCH = YES;
				"CODE_SIGN_IDENTITY[sdk=iphoneos*]" = "iPhone Developer";
				COPY_PHASE_STRIP = NO;
				DEBUG_INFORMATION_FORMAT = dwarf;
				ENABLE_STRICT_OBJC_MSGSEND = YES;
				ENABLE_TESTABILITY = YES;
				GCC_C_LANGUAGE_STANDARD = gnu99;
				GCC_DYNAMIC_NO_PIC = NO;
				GCC_NO_COMMON_BLOCKS = YES;
				GCC_OPTIMIZATION_LEVEL = 0;
				GCC_PREPROCESSOR_DEFINITIONS = (
					"DEBUG=1",
					"$(inherited)",
				);
				GCC_WARN_64_TO_32_BIT_CONVERSION = YES;
				GCC_WARN_ABOUT_RETURN_TYPE = YES_ERROR;
				GCC_WARN_UNDECLARED_SELECTOR = YES;
				GCC_WARN_UNINITIALIZED_AUTOS = YES_AGGRESSIVE;
				GCC_WARN_UNUSED_FUNCTION = YES;
				GCC_WARN_UNUSED_VARIABLE = YES;
				IPHONEOS_DEPLOYMENT_TARGET = 9.2;
				MTL_ENABLE_DEBUG_INFO = YES;
				ONLY_ACTIVE_ARCH = YES;
				SDKROOT = iphoneos;
			};
			name = Debug;
		};
		D9AC6A421CC4937000970FD9 /* Release */ = {
			isa = XCBuildConfiguration;
			buildSettings = {
				ALWAYS_SEARCH_USER_PATHS = NO;
				CLANG_CXX_LANGUAGE_STANDARD = "gnu++0x";
				CLANG_CXX_LIBRARY = "libc++";
				CLANG_ENABLE_MODULES = YES;
				CLANG_ENABLE_OBJC_ARC = YES;
				CLANG_WARN_BOOL_CONVERSION = YES;
				CLANG_WARN_CONSTANT_CONVERSION = YES;
				CLANG_WARN_DIRECT_OBJC_ISA_USAGE = YES_ERROR;
				CLANG_WARN_EMPTY_BODY = YES;
				CLANG_WARN_ENUM_CONVERSION = YES;
				CLANG_WARN_INT_CONVERSION = YES;
				CLANG_WARN_OBJC_ROOT_CLASS = YES_ERROR;
				CLANG_WARN_UNREACHABLE_CODE = YES;
				CLANG_WARN__DUPLICATE_METHOD_MATCH = YES;
				"CODE_SIGN_IDENTITY[sdk=iphoneos*]" = "iPhone Developer";
				COPY_PHASE_STRIP = NO;
				DEBUG_INFORMATION_FORMAT = "dwarf-with-dsym";
				ENABLE_NS_ASSERTIONS = NO;
				ENABLE_STRICT_OBJC_MSGSEND = YES;
				GCC_C_LANGUAGE_STANDARD = gnu99;
				GCC_NO_COMMON_BLOCKS = YES;
				GCC_WARN_64_TO_32_BIT_CONVERSION = YES;
				GCC_WARN_ABOUT_RETURN_TYPE = YES_ERROR;
				GCC_WARN_UNDECLARED_SELECTOR = YES;
				GCC_WARN_UNINITIALIZED_AUTOS = YES_AGGRESSIVE;
				GCC_WARN_UNUSED_FUNCTION = YES;
				GCC_WARN_UNUSED_VARIABLE = YES;
				IPHONEOS_DEPLOYMENT_TARGET = 9.2;
				MTL_ENABLE_DEBUG_INFO = NO;
				SDKROOT = iphoneos;
				VALIDATE_PRODUCT = YES;
			};
			name = Release;
		};
		D9AC6A441CC4937000970FD9 /* Debug */ = {
			isa = XCBuildConfiguration;
			buildSettings = {
				ASSETCATALOG_COMPILER_APPICON_NAME = AppIcon;
				INFOPLIST_FILE = KeyboradManagerDemo/Info.plist;
				LD_RUNPATH_SEARCH_PATHS = "$(inherited) @executable_path/Frameworks";
				PRODUCT_BUNDLE_IDENTIFIER = JY.KeyboradManagerDemo;
				PRODUCT_NAME = "$(TARGET_NAME)";
			};
			name = Debug;
		};
		D9AC6A451CC4937000970FD9 /* Release */ = {
			isa = XCBuildConfiguration;
			buildSettings = {
				ASSETCATALOG_COMPILER_APPICON_NAME = AppIcon;
				INFOPLIST_FILE = KeyboradManagerDemo/Info.plist;
				LD_RUNPATH_SEARCH_PATHS = "$(inherited) @executable_path/Frameworks";
				PRODUCT_BUNDLE_IDENTIFIER = JY.KeyboradManagerDemo;
				PRODUCT_NAME = "$(TARGET_NAME)";
			};
			name = Release;
		};
/* End XCBuildConfiguration section */

/* Begin XCConfigurationList section */
		D9AC6A271CC4937000970FD9 /* Build configuration list for PBXProject "KeyboradManagerDemo" */ = {
			isa = XCConfigurationList;
			buildConfigurations = (
				D9AC6A411CC4937000970FD9 /* Debug */,
				D9AC6A421CC4937000970FD9 /* Release */,
			);
			defaultConfigurationIsVisible = 0;
			defaultConfigurationName = Release;
		};
		D9AC6A431CC4937000970FD9 /* Build configuration list for PBXNativeTarget "KeyboradManagerDemo" */ = {
			isa = XCConfigurationList;
			buildConfigurations = (
				D9AC6A441CC4937000970FD9 /* Debug */,
				D9AC6A451CC4937000970FD9 /* Release */,
			);
			defaultConfigurationIsVisible = 0;
			defaultConfigurationName = Release;
		};
/* End XCConfigurationList section */
	};
	rootObject = D9AC6A241CC4937000970FD9 /* Project object */;
}
